
Microsoft Visual Studio Solution File, Format Version 12.00
# Visual Studio Version 17
VisualStudioVersion = 17.0.32112.339
MinimumVisualStudioVersion = 10.0.40219.1
Project("{8BC9CEB8-8B4A-11D0-8D11-00A0C91BC942}") = "lesson70", "lesson70\lesson70.vcxproj", "{380A0AB6-45E0-4567-AF15-8BFA719D7738}"
EndProject
Global
	GlobalSection(SolutionConfigurationPlatforms) = preSolution
		Debug|x64 = Debug|x64
		Debug|x86 = Debug|x86
		Release|x64 = Release|x64
		Release|x86 = Release|x86
	EndGlobalSection
	GlobalSection(ProjectConfigurationPlatforms) = postSolution
		{380A0AB6-45E0-4567-AF15-8BFA719D7738}.Debug|x64.ActiveCfg = Debug|x64
		{380A0AB6-45E0-4567-AF15-8BFA719D7738}.Debug|x64.Build.0 = Debug|x64
		{380A0AB6-45E0-4567-AF15-8BFA719D7738}.Debug|x86.ActiveCfg = Debug|Win32
		{380A0AB6-45E0-4567-AF15-8BFA719D7738}.Debug|x86.Build.0 = Debug|Win32
		{380A0AB6-45E0-4567-AF15-8BFA719D7738}.Release|x64.ActiveCfg = Release|x64
		{380A0AB6-45E0-4567-AF15-8BFA719D7738}.Release|x64.Build.0 = Release|x64
		{380A0AB6-45E0-4567-AF15-8BFA719D7738}.Release|x86.ActiveCfg = Release|Win32
		{380A0AB6-45E0-4567-AF15-8BFA719D7738}.Release|x86.Build.0 = Release|Win32
	EndGlobalSection
	GlobalSection(SolutionProperties) = preSolution
		HideSolutionNode = FALSE
	EndGlobalSection
	GlobalSection(ExtensibilityGlobals) = postSolution
		SolutionGuid = {6284A918-E5E8-4B27-9685-22AFF53C45E0}
	EndGlobalSection
EndGlobal
